
Microsoft Visual Studio Solution File, Format Version 12.00
# Visual Studio 15
VisualStudioVersion = 15.0.27130.2020
MinimumVisualStudioVersion = 10.0.40219.1
Project("{FAE04EC0-301F-11D3-BF4B-00C04F79EFBC}") = "Far_full", "Far_full\Far_full.csproj", "{670C97E2-ACB5-4066-B7B8-9488F9A74B88}"
EndProject
Global
	GlobalSection(SolutionConfigurationPlatforms) = preSolution
		Debug|Any CPU = Debug|Any CPU
		Release|Any CPU = Release|Any CPU
	EndGlobalSection
	GlobalSection(ProjectConfigurationPlatforms) = postSolution
		{670C97E2-ACB5-4066-B7B8-9488F9A74B88}.Debug|Any CPU.ActiveCfg = Debug|Any CPU
		{670C97E2-ACB5-4066-B7B8-9488F9A74B88}.Debug|Any CPU.Build.0 = Debug|Any CPU
		{670C97E2-ACB5-4066-B7B8-9488F9A74B88}.Release|Any CPU.ActiveCfg = Release|Any CPU
		{670C97E2-ACB5-4066-B7B8-9488F9A74B88}.Release|Any CPU.Build.0 = Release|Any CPU
	EndGlobalSection
	GlobalSection(SolutionProperties) = preSolution
		HideSolutionNode = FALSE
	EndGlobalSection
	GlobalSection(ExtensibilityGlobals) = postSolution
		SolutionGuid = {1BDC59B2-F7AA-44B5-B286-BFF846E3EAF7}
	EndGlobalSection
EndGlobal
