
Microsoft Visual Studio Solution File, Format Version 12.00
# Visual Studio 15
VisualStudioVersion = 15.0.27130.2020
MinimumVisualStudioVersion = 10.0.40219.1
Project("{FAE04EC0-301F-11D3-BF4B-00C04F79EFBC}") = "MinPrime", "MinPrime\MinPrime.csproj", "{AE64C5E8-1900-4FD3-876E-DFCC44A7BC48}"
EndProject
Global
	GlobalSection(SolutionConfigurationPlatforms) = preSolution
		Debug|Any CPU = Debug|Any CPU
		Release|Any CPU = Release|Any CPU
	EndGlobalSection
	GlobalSection(ProjectConfigurationPlatforms) = postSolution
		{AE64C5E8-1900-4FD3-876E-DFCC44A7BC48}.Debug|Any CPU.ActiveCfg = Debug|Any CPU
		{AE64C5E8-1900-4FD3-876E-DFCC44A7BC48}.Debug|Any CPU.Build.0 = Debug|Any CPU
		{AE64C5E8-1900-4FD3-876E-DFCC44A7BC48}.Release|Any CPU.ActiveCfg = Release|Any CPU
		{AE64C5E8-1900-4FD3-876E-DFCC44A7BC48}.Release|Any CPU.Build.0 = Release|Any CPU
	EndGlobalSection
	GlobalSection(SolutionProperties) = preSolution
		HideSolutionNode = FALSE
	EndGlobalSection
	GlobalSection(ExtensibilityGlobals) = postSolution
		SolutionGuid = {96B2503E-B3E4-48C9-9E0E-E68EC83BFFC0}
	EndGlobalSection
EndGlobal
